{
  "projects": [
    {
      "projectId": "LmQdyERnKGVSTHLkNgDKC",
      "version": "0.0.1",
      "dependencies": {},
      "lang": "ts",
      "fileLocks": [
        {
          "assetId": "LmQdyERnKGVSTHLkNgDKC",
          "type": "projectCss",
          "checksum": "fd83b730367fdbde2c69bc6cf31c2a3c"
        },
        {
          "assetId": "LmQdyERnKGVSTHLkNgDKC",
          "checksum": "dafea65461c79c5fe46cf4c671d11455",
          "type": "globalContexts"
        }
      ],
      "codegenVersion": "0.0.1"
    },
    {
      "projectId": "88mierwzcEebDiEv6pzXQh",
      "version": "0.0.1",
      "dependencies": {},
      "lang": "ts",
      "fileLocks": [
        {
          "assetId": "88mierwzcEebDiEv6pzXQh",
          "type": "projectCss",
          "checksum": "078b5be9aa4a8ea2a39b36c771c25aaa"
        },
        {
          "assetId": "88mierwzcEebDiEv6pzXQh",
          "checksum": "cbf9477ac73a9e4cf5ec2ad92e3b87ba",
          "type": "globalContexts"
        }
      ],
      "codegenVersion": "0.0.1"
    },
    {
      "projectId": "6GWapbvHd9SBH1G3TR2K5v",
      "version": "0.0.1",
      "dependencies": {},
      "lang": "ts",
      "fileLocks": [
        {
          "assetId": "6GWapbvHd9SBH1G3TR2K5v",
          "type": "projectCss",
          "checksum": "46129a8140f7bf604dec903e19777f53"
        }
      ],
      "codegenVersion": "0.0.1"
    },
    {
      "projectId": "3gNbBkUiMeVwf7ryGjK7hb",
      "version": "0.0.1",
      "dependencies": {},
      "lang": "ts",
      "fileLocks": [
        {
          "assetId": "3gNbBkUiMeVwf7ryGjK7hb",
          "type": "projectCss",
          "checksum": "e1ec850476829c38b0f9b6d4f7ac446a"
        }
      ],
      "codegenVersion": "0.0.1"
    },
    {
      "projectId": "wEfjiqBxHYkBb6BdVhudM",
      "version": "latest",
      "dependencies": {
        "3gNbBkUiMeVwf7ryGjK7hb": "0.0.1",
        "6GWapbvHd9SBH1G3TR2K5v": "0.0.1",
        "88mierwzcEebDiEv6pzXQh": "0.0.1",
        "LmQdyERnKGVSTHLkNgDKC": "0.0.1"
      },
      "lang": "ts",
      "fileLocks": [
        {
          "type": "globalVariant",
          "assetId": "l4HG7TVBm_AG",
          "checksum": "5fee3b19ed92a5536d6d928d4a480c5a"
        },
        {
          "assetId": "wEfjiqBxHYkBb6BdVhudM",
          "checksum": "8a3467aa7bb99202dc53a221c5694a1d",
          "type": "globalContexts"
        },
        {
          "type": "renderModule",
          "assetId": "xCl9faJkEm8_",
          "checksum": "d4abce45b25a43f88ffcec30c673b8e8"
        },
        {
          "type": "cssRules",
          "assetId": "xCl9faJkEm8_",
          "checksum": "d4abce45b25a43f88ffcec30c673b8e8"
        },
        {
          "type": "renderModule",
          "assetId": "PpnfEKDtlDxR",
          "checksum": "98c40a0dfc7dd1bf664920f7e0b78a8d"
        },
        {
          "type": "cssRules",
          "assetId": "PpnfEKDtlDxR",
          "checksum": "98c40a0dfc7dd1bf664920f7e0b78a8d"
        },
        {
          "type": "renderModule",
          "assetId": "eqyz-B9gYzoS",
          "checksum": "d811f93497c990d7f726eb31f7326244"
        },
        {
          "type": "cssRules",
          "assetId": "eqyz-B9gYzoS",
          "checksum": "d811f93497c990d7f726eb31f7326244"
        },
        {
          "type": "renderModule",
          "assetId": "Xbak1OOCZd_u",
          "checksum": "309f91cfb3dc670bec52ebea0f6f84be"
        },
        {
          "type": "cssRules",
          "assetId": "Xbak1OOCZd_u",
          "checksum": "309f91cfb3dc670bec52ebea0f6f84be"
        },
        {
          "type": "renderModule",
          "assetId": "UUsKfaTcrsge",
          "checksum": "eb643fc8295a6283471cc9925941010f"
        },
        {
          "type": "cssRules",
          "assetId": "UUsKfaTcrsge",
          "checksum": "eb643fc8295a6283471cc9925941010f"
        },
        {
          "type": "renderModule",
          "assetId": "wU3qHDi_y3x0",
          "checksum": "c9f343b00a0f35b7ffd0ff45afb6d4c7"
        },
        {
          "type": "cssRules",
          "assetId": "wU3qHDi_y3x0",
          "checksum": "c9f343b00a0f35b7ffd0ff45afb6d4c7"
        },
        {
          "type": "renderModule",
          "assetId": "X89qbgTR7emC",
          "checksum": "4dd00fefebb12bbce8365aad9dbf9850"
        },
        {
          "type": "cssRules",
          "assetId": "X89qbgTR7emC",
          "checksum": "4dd00fefebb12bbce8365aad9dbf9850"
        },
        {
          "type": "renderModule",
          "assetId": "sRn5z-Uup-S6",
          "checksum": "f0e9f710245e566a3612d4c0c1b921a6"
        },
        {
          "type": "cssRules",
          "assetId": "sRn5z-Uup-S6",
          "checksum": "f0e9f710245e566a3612d4c0c1b921a6"
        },
        {
          "type": "renderModule",
          "assetId": "P042NyAOatc3",
          "checksum": "74614cedb3b11975b6a90246f4534c1f"
        },
        {
          "type": "cssRules",
          "assetId": "P042NyAOatc3",
          "checksum": "74614cedb3b11975b6a90246f4534c1f"
        },
        {
          "type": "renderModule",
          "assetId": "rJU7JF5xfaWJ",
          "checksum": "43eec43d67bc4c63e0bc283149e3672b"
        },
        {
          "type": "cssRules",
          "assetId": "rJU7JF5xfaWJ",
          "checksum": "43eec43d67bc4c63e0bc283149e3672b"
        },
        {
          "type": "icon",
          "assetId": "0fmjKShgLovd",
          "checksum": "dbb64424d831f1ac7404b058b427f69c"
        },
        {
          "type": "icon",
          "assetId": "FSgrAtpsDvAa",
          "checksum": "6932878b8b5ba892ff55b19113c27a54"
        },
        {
          "type": "icon",
          "assetId": "fTOTQAYThqXt",
          "checksum": "61676441645279ad8a8041e0b3a96845"
        },
        {
          "type": "icon",
          "assetId": "OxRm4Kr2SeYA",
          "checksum": "0969e4abb6b9f19f95fc739fbc6818f8"
        },
        {
          "type": "icon",
          "assetId": "Emm_ktqpWf-b",
          "checksum": "dbf904726520c7d3465a6007d3acc9dc"
        },
        {
          "type": "icon",
          "assetId": "jwoP8s_3Zbe1",
          "checksum": "369dcf677afdd7b9071fb0dc84f508ba"
        },
        {
          "type": "icon",
          "assetId": "EwFc-xxdpU0l",
          "checksum": "79a2e5f28dfcd24f690eb943b38e6e01"
        },
        {
          "type": "icon",
          "assetId": "66IKie7qsj26",
          "checksum": "ec586ae19ac0c7a5b76d8d6c87aea26d"
        },
        {
          "type": "image",
          "assetId": "zeUyI0DUeKL9",
          "checksum": "48c9a55f3d3dc49460dee7049f0f2de3"
        },
        {
          "type": "image",
          "assetId": "f5bDwwJUlsh2",
          "checksum": "1a60ec2a7502b77c5bde9ed2312e2893"
        },
        {
          "type": "image",
          "assetId": "G0mNysRBlJ7I",
          "checksum": "df654bf76301fc9e652240124721cced"
        },
        {
          "type": "image",
          "assetId": "Ytz6eMGFjYU0",
          "checksum": "924cf1f3f4bcc0e760f86c52d21479f9"
        },
        {
          "type": "image",
          "assetId": "xqadaNf61fII",
          "checksum": "62c8dbd41760f4259ce6829de68da3a2"
        },
        {
          "type": "image",
          "assetId": "23yGuyYzz4PN",
          "checksum": "9b029b32e80227491e60b6ca00905395"
        },
        {
          "type": "image",
          "assetId": "2j4ca0V2HxfF",
          "checksum": "08f6729c9b48b965cbac44bd64b53c22"
        },
        {
          "type": "image",
          "assetId": "fzL0O5nAPQZe",
          "checksum": "a0dee2422fcd316b2bd8896525f3055a"
        },
        {
          "type": "image",
          "assetId": "587QN5l40oJI",
          "checksum": "9fb74fca00359ec478af3413aae5d662"
        },
        {
          "type": "image",
          "assetId": "RUSW33vJ4ZS2",
          "checksum": "37f5157cb9ecc7d669e38014fb02de12"
        },
        {
          "type": "image",
          "assetId": "Dv4Y-_w6tgC_",
          "checksum": "0d41d76338463ddfabe182db641c2bba"
        },
        {
          "type": "image",
          "assetId": "W3XkxXBarrFA",
          "checksum": "1ddc1f1969b65489cdf82e5d61a3441b"
        },
        {
          "type": "image",
          "assetId": "KbXEQ8u02f2w",
          "checksum": "aff19e7a772e7eca1eb19f281a921ee6"
        },
        {
          "type": "image",
          "assetId": "s91ykrMZ6fU3",
          "checksum": "c41b6ce48a12edc932ddabc7267cef0b"
        },
        {
          "type": "image",
          "assetId": "mwd5uBT0yQqR",
          "checksum": "eca545d64ad0bbdfd43cd663d85313bb"
        },
        {
          "type": "image",
          "assetId": "vUm_yKwQjWh1",
          "checksum": "ba9f013d8a678b8c54172fb2786131ea"
        },
        {
          "type": "image",
          "assetId": "tBszChVU1tcn",
          "checksum": "926241718ff3f0da626650d6dd67e48e"
        },
        {
          "type": "image",
          "assetId": "0JgO3keQWtfm",
          "checksum": "38dae5714b5fd567bb237d2b88ff460f"
        },
        {
          "type": "image",
          "assetId": "XBeDruPHP8Uk",
          "checksum": "c0636649f44e67c48a7ff109e6cc2a18"
        },
        {
          "type": "image",
          "assetId": "W-M34z2Xk-TG",
          "checksum": "49d8f15ae53079e42dbee6b62a422416"
        },
        {
          "type": "image",
          "assetId": "1HzI2XJcWuzv",
          "checksum": "59ddaf41af430283c9eddf24dc8451e9"
        },
        {
          "type": "image",
          "assetId": "hs-_v-GMABn5",
          "checksum": "edcd0b4c2fbaa85c5e5b9809845a506a"
        },
        {
          "type": "image",
          "assetId": "-2kLN2PiNe_9",
          "checksum": "ca44c9ce72102fdabdfec4a663074cb8"
        },
        {
          "type": "image",
          "assetId": "TwgmmlJUk1Qz",
          "checksum": "741510e62340ec9939a973d3f604f400"
        },
        {
          "assetId": "wEfjiqBxHYkBb6BdVhudM",
          "type": "projectCss",
          "checksum": "ca19314287a8ad177f6b379e25b23700"
        }
      ],
      "codegenVersion": "0.0.1"
    }
  ],
  "cliVersion": "0.1.330"
}
